// !$*UTF8*$!
{
	archiveVersion = 1;
	classes = {
	};
	objectVersion = 55;
	objects = {

/* Begin PBXBuildFile section */
		4209B6812887CB1600FABCE3 /* MediaFIle.swift in Sources */ = {isa = PBXBuildFile; fileRef = 4209B6802887CB1600FABCE3 /* MediaFIle.swift */; };
		4209B6832887CB7E00FABCE3 /* Reel.swift in Sources */ = {isa = PBXBuildFile; fileRef = 4209B6822887CB7E00FABCE3 /* Reel.swift */; };
		4209B6852887DFB400FABCE3 /* ReelsView.swift in Sources */ = {isa = PBXBuildFile; fileRef = 4209B6842887DFB400FABCE3 /* ReelsView.swift */; };
		4209B6872887E8AC00FABCE3 /* CustomVideoPlayer.swift in Sources */ = {isa = PBXBuildFile; fileRef = 4209B6862887E8AC00FABCE3 /* CustomVideoPlayer.swift */; };
		4209B6892888081E00FABCE3 /* ReelsPlayer.swift in Sources */ = {isa = PBXBuildFile; fileRef = 4209B6882888081E00FABCE3 /* ReelsPlayer.swift */; };
		424BBF252888F2E9006C52CB /* Reel1.mp4 in Resources */ = {isa = PBXBuildFile; fileRef = 4209B68B288816B400FABCE3 /* Reel1.mp4 */; };
		424BBF262888F2E9006C52CB /* Reel2.mp4 in Resources */ = {isa = PBXBuildFile; fileRef = 4209B68C288816B500FABCE3 /* Reel2.mp4 */; };
		424BBF272888F2E9006C52CB /* Reel3.mp4 in Resources */ = {isa = PBXBuildFile; fileRef = 4209B68F288816B500FABCE3 /* Reel3.mp4 */; };
		424BBF282888F2E9006C52CB /* Reel4.mp4 in Resources */ = {isa = PBXBuildFile; fileRef = 4209B68A288816B400FABCE3 /* Reel4.mp4 */; };
		424BBF292888F2E9006C52CB /* Reel5.mp4 in Resources */ = {isa = PBXBuildFile; fileRef = 4209B68D288816B500FABCE3 /* Reel5.mp4 */; };
		424BBF2A2888F2E9006C52CB /* Reel6.mp4 in Resources */ = {isa = PBXBuildFile; fileRef = 4209B68E288816B500FABCE3 /* Reel6.mp4 */; };
		425D6C5328856B2100C7F3B7 /* AVideoApp.swift in Sources */ = {isa = PBXBuildFile; fileRef = 425D6C5228856B2100C7F3B7 /* AVideoApp.swift */; };
		425D6C5528856B2100C7F3B7 /* ContentView.swift in Sources */ = {isa = PBXBuildFile; fileRef = 425D6C5428856B2100C7F3B7 /* ContentView.swift */; };
		425D6C5728856B2200C7F3B7 /* Assets.xcassets in Resources */ = {isa = PBXBuildFile; fileRef = 425D6C5628856B2200C7F3B7 /* Assets.xcassets */; };
		425D6C5A28856B2200C7F3B7 /* Preview Assets.xcassets in Resources */ = {isa = PBXBuildFile; fileRef = 425D6C5928856B2200C7F3B7 /* Preview Assets.xcassets */; };
		425D6C6928856B5E00C7F3B7 /* QueryTag.swift in Sources */ = {isa = PBXBuildFile; fileRef = 425D6C6028856B5E00C7F3B7 /* QueryTag.swift */; };
		425D6C6A28856B5E00C7F3B7 /* VideoHomeView.swift in Sources */ = {isa = PBXBuildFile; fileRef = 425D6C6128856B5E00C7F3B7 /* VideoHomeView.swift */; };
		425D6C6B28856B5E00C7F3B7 /* VideoManager.swift in Sources */ = {isa = PBXBuildFile; fileRef = 425D6C6228856B5E00C7F3B7 /* VideoManager.swift */; };
		425D6C6C28856B5E00C7F3B7 /* VideoView.swift in Sources */ = {isa = PBXBuildFile; fileRef = 425D6C6328856B5E00C7F3B7 /* VideoView.swift */; };
		425D6C6D28856B5E00C7F3B7 /* VideoHomeViewModel.swift in Sources */ = {isa = PBXBuildFile; fileRef = 425D6C6428856B5E00C7F3B7 /* VideoHomeViewModel.swift */; };
		425D6C6E28856B5E00C7F3B7 /* data.json in Resources */ = {isa = PBXBuildFile; fileRef = 425D6C6528856B5E00C7F3B7 /* data.json */; };
		425D6C6F28856B5E00C7F3B7 /* MockData.swift in Sources */ = {isa = PBXBuildFile; fileRef = 425D6C6628856B5E00C7F3B7 /* MockData.swift */; };
		425D6C7028856B5E00C7F3B7 /* VideoCard.swift in Sources */ = {isa = PBXBuildFile; fileRef = 425D6C6728856B5E00C7F3B7 /* VideoCard.swift */; };
		425D6C7128856B5E00C7F3B7 /* VideoResponse.swift in Sources */ = {isa = PBXBuildFile; fileRef = 425D6C6828856B5E00C7F3B7 /* VideoResponse.swift */; };
		425D6C7328856CBF00C7F3B7 /* PreviewProvider.swift in Sources */ = {isa = PBXBuildFile; fileRef = 425D6C7228856CBF00C7F3B7 /* PreviewProvider.swift */; };
/* End PBXBuildFile section */

/* Begin PBXFileReference section */
		4209B6802887CB1600FABCE3 /* MediaFIle.swift */ = {isa = PBXFileReference; lastKnownFileType = sourcecode.swift; path = MediaFIle.swift; sourceTree = "<group>"; };
		4209B6822887CB7E00FABCE3 /* Reel.swift */ = {isa = PBXFileReference; lastKnownFileType = sourcecode.swift; path = Reel.swift; sourceTree = "<group>"; };
		4209B6842887DFB400FABCE3 /* ReelsView.swift */ = {isa = PBXFileReference; lastKnownFileType = sourcecode.swift; path = ReelsView.swift; sourceTree = "<group>"; };
		4209B6862887E8AC00FABCE3 /* CustomVideoPlayer.swift */ = {isa = PBXFileReference; lastKnownFileType = sourcecode.swift; path = CustomVideoPlayer.swift; sourceTree = "<group>"; };
		4209B6882888081E00FABCE3 /* ReelsPlayer.swift */ = {isa = PBXFileReference; lastKnownFileType = sourcecode.swift; path = ReelsPlayer.swift; sourceTree = "<group>"; };
		4209B68A288816B400FABCE3 /* Reel4.mp4 */ = {isa = PBXFileReference; lastKnownFileType = file; path = Reel4.mp4; sourceTree = "<group>"; };
		4209B68B288816B400FABCE3 /* Reel1.mp4 */ = {isa = PBXFileReference; lastKnownFileType = file; path = Reel1.mp4; sourceTree = "<group>"; };
		4209B68C288816B500FABCE3 /* Reel2.mp4 */ = {isa = PBXFileReference; lastKnownFileType = file; path = Reel2.mp4; sourceTree = "<group>"; };
		4209B68D288816B500FABCE3 /* Reel5.mp4 */ = {isa = PBXFileReference; lastKnownFileType = file; path = Reel5.mp4; sourceTree = "<group>"; };
		4209B68E288816B500FABCE3 /* Reel6.mp4 */ = {isa = PBXFileReference; lastKnownFileType = file; path = Reel6.mp4; sourceTree = "<group>"; };
		4209B68F288816B500FABCE3 /* Reel3.mp4 */ = {isa = PBXFileReference; lastKnownFileType = file; path = Reel3.mp4; sourceTree = "<group>"; };
		425D6C4F28856B2100C7F3B7 /* AVideo.app */ = {isa = PBXFileReference; explicitFileType = wrapper.application; includeInIndex = 0; path = AVideo.app; sourceTree = BUILT_PRODUCTS_DIR; };
		425D6C5228856B2100C7F3B7 /* AVideoApp.swift */ = {isa = PBXFileReference; lastKnownFileType = sourcecode.swift; path = AVideoApp.swift; sourceTree = "<group>"; };
		425D6C5428856B2100C7F3B7 /* ContentView.swift */ = {isa = PBXFileReference; lastKnownFileType = sourcecode.swift; path = ContentView.swift; sourceTree = "<group>"; };
		425D6C5628856B2200C7F3B7 /* Assets.xcassets */ = {isa = PBXFileReference; lastKnownFileType = folder.assetcatalog; path = Assets.xcassets; sourceTree = "<group>"; };
		425D6C5928856B2200C7F3B7 /* Preview Assets.xcassets */ = {isa = PBXFileReference; lastKnownFileType = folder.assetcatalog; path = "Preview Assets.xcassets"; sourceTree = "<group>"; };
		425D6C6028856B5E00C7F3B7 /* QueryTag.swift */ = {isa = PBXFileReference; fileEncoding = 4; lastKnownFileType = sourcecode.swift; path = QueryTag.swift; sourceTree = "<group>"; };
		425D6C6128856B5E00C7F3B7 /* VideoHomeView.swift */ = {isa = PBXFileReference; fileEncoding = 4; lastKnownFileType = sourcecode.swift; path = VideoHomeView.swift; sourceTree = "<group>"; };
		425D6C6228856B5E00C7F3B7 /* VideoManager.swift */ = {isa = PBXFileReference; fileEncoding = 4; lastKnownFileType = sourcecode.swift; path = VideoManager.swift; sourceTree = "<group>"; };
		425D6C6328856B5E00C7F3B7 /* VideoView.swift */ = {isa = PBXFileReference; fileEncoding = 4; lastKnownFileType = sourcecode.swift; path = VideoView.swift; sourceTree = "<group>"; };
		425D6C6428856B5E00C7F3B7 /* VideoHomeViewModel.swift */ = {isa = PBXFileReference; fileEncoding = 4; lastKnownFileType = sourcecode.swift; path = VideoHomeViewModel.swift; sourceTree = "<group>"; };
		425D6C6528856B5E00C7F3B7 /* data.json */ = {isa = PBXFileReference; fileEncoding = 4; lastKnownFileType = text.json; path = data.json; sourceTree = "<group>"; };
		425D6C6628856B5E00C7F3B7 /* MockData.swift */ = {isa = PBXFileReference; fileEncoding = 4; lastKnownFileType = sourcecode.swift; path = MockData.swift; sourceTree = "<group>"; };
		425D6C6728856B5E00C7F3B7 /* VideoCard.swift */ = {isa = PBXFileReference; fileEncoding = 4; lastKnownFileType = sourcecode.swift; path = VideoCard.swift; sourceTree = "<group>"; };
		425D6C6828856B5E00C7F3B7 /* VideoResponse.swift */ = {isa = PBXFileReference; fileEncoding = 4; lastKnownFileType = sourcecode.swift; path = VideoResponse.swift; sourceTree = "<group>"; };
		425D6C7228856CBF00C7F3B7 /* PreviewProvider.swift */ = {isa = PBXFileReference; lastKnownFileType = sourcecode.swift; path = PreviewProvider.swift; sourceTree = "<group>"; };
/* End PBXFileReference section */

/* Begin PBXFrameworksBuildPhase section */
		425D6C4C28856B2100C7F3B7 /* Frameworks */ = {
			isa = PBXFrameworksBuildPhase;
			buildActionMask = 2147483647;
			files = (
			);
			runOnlyForDeploymentPostprocessing = 0;
		};
/* End PBXFrameworksBuildPhase section */

/* Begin PBXGroup section */
		4209B67E2887A1C300FABCE3 /* Pexel */ = {
			isa = PBXGroup;
			children = (
				425D6C6528856B5E00C7F3B7 /* data.json */,
				425D6C6628856B5E00C7F3B7 /* MockData.swift */,
				425D6C6028856B5E00C7F3B7 /* QueryTag.swift */,
				425D6C6728856B5E00C7F3B7 /* VideoCard.swift */,
				425D6C6128856B5E00C7F3B7 /* VideoHomeView.swift */,
				425D6C6428856B5E00C7F3B7 /* VideoHomeViewModel.swift */,
				425D6C6228856B5E00C7F3B7 /* VideoManager.swift */,
				425D6C6828856B5E00C7F3B7 /* VideoResponse.swift */,
				425D6C6328856B5E00C7F3B7 /* VideoView.swift */,
			);
			path = Pexel;
			sourceTree = "<group>";
		};
		4209B67F2887A1E300FABCE3 /* Tik */ = {
			isa = PBXGroup;
			children = (
				4209B6802887CB1600FABCE3 /* MediaFIle.swift */,
				4209B6822887CB7E00FABCE3 /* Reel.swift */,
				4209B6842887DFB400FABCE3 /* ReelsView.swift */,
				4209B6862887E8AC00FABCE3 /* CustomVideoPlayer.swift */,
				4209B6882888081E00FABCE3 /* ReelsPlayer.swift */,
			);
			path = Tik;
			sourceTree = "<group>";
		};
		425D6C4628856B2100C7F3B7 = {
			isa = PBXGroup;
			children = (
				4209B68B288816B400FABCE3 /* Reel1.mp4 */,
				4209B68C288816B500FABCE3 /* Reel2.mp4 */,
				4209B68F288816B500FABCE3 /* Reel3.mp4 */,
				4209B68A288816B400FABCE3 /* Reel4.mp4 */,
				4209B68D288816B500FABCE3 /* Reel5.mp4 */,
				4209B68E288816B500FABCE3 /* Reel6.mp4 */,
				425D6C5128856B2100C7F3B7 /* AVideo */,
				425D6C5028856B2100C7F3B7 /* Products */,
			);
			sourceTree = "<group>";
		};
		425D6C5028856B2100C7F3B7 /* Products */ = {
			isa = PBXGroup;
			children = (
				425D6C4F28856B2100C7F3B7 /* AVideo.app */,
			);
			name = Products;
			sourceTree = "<group>";
		};
		425D6C5128856B2100C7F3B7 /* AVideo */ = {
			isa = PBXGroup;
			children = (
				4209B67F2887A1E300FABCE3 /* Tik */,
				425D6C5228856B2100C7F3B7 /* AVideoApp.swift */,
				425D6C7228856CBF00C7F3B7 /* PreviewProvider.swift */,
				425D6C5428856B2100C7F3B7 /* ContentView.swift */,
				4209B67E2887A1C300FABCE3 /* Pexel */,
				425D6C5628856B2200C7F3B7 /* Assets.xcassets */,
				425D6C5828856B2200C7F3B7 /* Preview Content */,
			);
			path = AVideo;
			sourceTree = "<group>";
		};
		425D6C5828856B2200C7F3B7 /* Preview Content */ = {
			isa = PBXGroup;
			children = (
				425D6C5928856B2200C7F3B7 /* Preview Assets.xcassets */,
			);
			path = "Preview Content";
			sourceTree = "<group>";
		};
/* End PBXGroup section */

/* Begin PBXNativeTarget section */
		425D6C4E28856B2100C7F3B7 /* AVideo */ = {
			isa = PBXNativeTarget;
			buildConfigurationList = 425D6C5D28856B2200C7F3B7 /* Build configuration list for PBXNativeTarget "AVideo" */;
			buildPhases = (
				425D6C4B28856B2100C7F3B7 /* Sources */,
				425D6C4C28856B2100C7F3B7 /* Frameworks */,
				425D6C4D28856B2100C7F3B7 /* Resources */,
			);
			buildRules = (
			);
			dependencies = (
			);
			name = AVideo;
			productName = AVideo;
			productReference = 425D6C4F28856B2100C7F3B7 /* AVideo.app */;
			productType = "com.apple.product-type.application";
		};
/* End PBXNativeTarget section */

/* Begin PBXProject section */
		425D6C4728856B2100C7F3B7 /* Project object */ = {
			isa = PBXProject;
			attributes = {
				BuildIndependentTargetsInParallel = 1;
				LastSwiftUpdateCheck = 1340;
				LastUpgradeCheck = 1340;
				TargetAttributes = {
					425D6C4E28856B2100C7F3B7 = {
						CreatedOnToolsVersion = 13.4.1;
					};
				};
			};
			buildConfigurationList = 425D6C4A28856B2100C7F3B7 /* Build configuration list for PBXProject "AVideo" */;
			compatibilityVersion = "Xcode 13.0";
			developmentRegion = en;
			hasScannedForEncodings = 0;
			knownRegions = (
				en,
				Base,
			);
			mainGroup = 425D6C4628856B2100C7F3B7;
			productRefGroup = 425D6C5028856B2100C7F3B7 /* Products */;
			projectDirPath = "";
			projectRoot = "";
			targets = (
				425D6C4E28856B2100C7F3B7 /* AVideo */,
			);
		};
/* End PBXProject section */

/* Begin PBXResourcesBuildPhase section */
		425D6C4D28856B2100C7F3B7 /* Resources */ = {
			isa = PBXResourcesBuildPhase;
			buildActionMask = 2147483647;
			files = (
				424BBF252888F2E9006C52CB /* Reel1.mp4 in Resources */,
				424BBF262888F2E9006C52CB /* Reel2.mp4 in Resources */,
				424BBF272888F2E9006C52CB /* Reel3.mp4 in Resources */,
				424BBF282888F2E9006C52CB /* Reel4.mp4 in Resources */,
				424BBF292888F2E9006C52CB /* Reel5.mp4 in Resources */,
				424BBF2A2888F2E9006C52CB /* Reel6.mp4 in Resources */,
				425D6C5A28856B2200C7F3B7 /* Preview Assets.xcassets in Resources */,
				425D6C6E28856B5E00C7F3B7 /* data.json in Resources */,
				425D6C5728856B2200C7F3B7 /* Assets.xcassets in Resources */,
			);
			runOnlyForDeploymentPostprocessing = 0;
		};
/* End PBXResourcesBuildPhase section */

/* Begin PBXSourcesBuildPhase section */
		425D6C4B28856B2100C7F3B7 /* Sources */ = {
			isa = PBXSourcesBuildPhase;
			buildActionMask = 2147483647;
			files = (
				4209B6852887DFB400FABCE3 /* ReelsView.swift in Sources */,
				425D6C7128856B5E00C7F3B7 /* VideoResponse.swift in Sources */,
				425D6C6C28856B5E00C7F3B7 /* VideoView.swift in Sources */,
				4209B6812887CB1600FABCE3 /* MediaFIle.swift in Sources */,
				4209B6892888081E00FABCE3 /* ReelsPlayer.swift in Sources */,
				425D6C7028856B5E00C7F3B7 /* VideoCard.swift in Sources */,
				425D6C6D28856B5E00C7F3B7 /* VideoHomeViewModel.swift in Sources */,
				425D6C5528856B2100C7F3B7 /* ContentView.swift in Sources */,
				425D6C6A28856B5E00C7F3B7 /* VideoHomeView.swift in Sources */,
				4209B6832887CB7E00FABCE3 /* Reel.swift in Sources */,
				425D6C7328856CBF00C7F3B7 /* PreviewProvider.swift in Sources */,
				425D6C6B28856B5E00C7F3B7 /* VideoManager.swift in Sources */,
				425D6C6F28856B5E00C7F3B7 /* MockData.swift in Sources */,
				425D6C6928856B5E00C7F3B7 /* QueryTag.swift in Sources */,
				425D6C5328856B2100C7F3B7 /* AVideoApp.swift in Sources */,
				4209B6872887E8AC00FABCE3 /* CustomVideoPlayer.swift in Sources */,
			);
			runOnlyForDeploymentPostprocessing = 0;
		};
/* End PBXSourcesBuildPhase section */

/* Begin XCBuildConfiguration section */
		425D6C5B28856B2200C7F3B7 /* Debug */ = {
			isa = XCBuildConfiguration;
			buildSettings = {
				ALWAYS_SEARCH_USER_PATHS = NO;
				CLANG_ANALYZER_NONNULL = YES;
				CLANG_ANALYZER_NUMBER_OBJECT_CONVERSION = YES_AGGRESSIVE;
				CLANG_CXX_LANGUAGE_STANDARD = "gnu++17";
				CLANG_ENABLE_MODULES = YES;
				CLANG_ENABLE_OBJC_ARC = YES;
				CLANG_ENABLE_OBJC_WEAK = YES;
				CLANG_WARN_BLOCK_CAPTURE_AUTORELEASING = YES;
				CLANG_WARN_BOOL_CONVERSION = YES;
				CLANG_WARN_COMMA = YES;
				CLANG_WARN_CONSTANT_CONVERSION = YES;
				CLANG_WARN_DEPRECATED_OBJC_IMPLEMENTATIONS = YES;
				CLANG_WARN_DIRECT_OBJC_ISA_USAGE = YES_ERROR;
				CLANG_WARN_DOCUMENTATION_COMMENTS = YES;
				CLANG_WARN_EMPTY_BODY = YES;
				CLANG_WARN_ENUM_CONVERSION = YES;
				CLANG_WARN_INFINITE_RECURSION = YES;
				CLANG_WARN_INT_CONVERSION = YES;
				CLANG_WARN_NON_LITERAL_NULL_CONVERSION = YES;
				CLANG_WARN_OBJC_IMPLICIT_RETAIN_SELF = YES;
				CLANG_WARN_OBJC_LITERAL_CONVERSION = YES;
				CLANG_WARN_OBJC_ROOT_CLASS = YES_ERROR;
				CLANG_WARN_QUOTED_INCLUDE_IN_FRAMEWORK_HEADER = YES;
				CLANG_WARN_RANGE_LOOP_ANALYSIS = YES;
				CLANG_WARN_STRICT_PROTOTYPES = YES;
				CLANG_WARN_SUSPICIOUS_MOVE = YES;
				CLANG_WARN_UNGUARDED_AVAILABILITY = YES_AGGRESSIVE;
				CLANG_WARN_UNREACHABLE_CODE = YES;
				CLANG_WARN__DUPLICATE_METHOD_MATCH = YES;
				COPY_PHASE_STRIP = NO;
				DEBUG_INFORMATION_FORMAT = dwarf;
				ENABLE_STRICT_OBJC_MSGSEND = YES;
				ENABLE_TESTABILITY = YES;
				GCC_C_LANGUAGE_STANDARD = gnu11;
				GCC_DYNAMIC_NO_PIC = NO;
				GCC_NO_COMMON_BLOCKS = YES;
				GCC_OPTIMIZATION_LEVEL = 0;
				GCC_PREPROCESSOR_DEFINITIONS = (
					"DEBUG=1",
					"$(inherited)",
				);
				GCC_WARN_64_TO_32_BIT_CONVERSION = YES;
				GCC_WARN_ABOUT_RETURN_TYPE = YES_ERROR;
				GCC_WARN_UNDECLARED_SELECTOR = YES;
				GCC_WARN_UNINITIALIZED_AUTOS = YES_AGGRESSIVE;
				GCC_WARN_UNUSED_FUNCTION = YES;
				GCC_WARN_UNUSED_VARIABLE = YES;
				IPHONEOS_DEPLOYMENT_TARGET = 15.5;
				MTL_ENABLE_DEBUG_INFO = INCLUDE_SOURCE;
				MTL_FAST_MATH = YES;
				ONLY_ACTIVE_ARCH = YES;
				SDKROOT = iphoneos;
				SWIFT_ACTIVE_COMPILATION_CONDITIONS = DEBUG;
				SWIFT_OPTIMIZATION_LEVEL = "-Onone";
			};
			name = Debug;
		};
		425D6C5C28856B2200C7F3B7 /* Release */ = {
			isa = XCBuildConfiguration;
			buildSettings = {
				ALWAYS_SEARCH_USER_PATHS = NO;
				CLANG_ANALYZER_NONNULL = YES;
				CLANG_ANALYZER_NUMBER_OBJECT_CONVERSION = YES_AGGRESSIVE;
				CLANG_CXX_LANGUAGE_STANDARD = "gnu++17";
				CLANG_ENABLE_MODULES = YES;
				CLANG_ENABLE_OBJC_ARC = YES;
				CLANG_ENABLE_OBJC_WEAK = YES;
				CLANG_WARN_BLOCK_CAPTURE_AUTORELEASING = YES;
				CLANG_WARN_BOOL_CONVERSION = YES;
				CLANG_WARN_COMMA = YES;
				CLANG_WARN_CONSTANT_CONVERSION = YES;
				CLANG_WARN_DEPRECATED_OBJC_IMPLEMENTATIONS = YES;
				CLANG_WARN_DIRECT_OBJC_ISA_USAGE = YES_ERROR;
				CLANG_WARN_DOCUMENTATION_COMMENTS = YES;
				CLANG_WARN_EMPTY_BODY = YES;
				CLANG_WARN_ENUM_CONVERSION = YES;
				CLANG_WARN_INFINITE_RECURSION = YES;
				CLANG_WARN_INT_CONVERSION = YES;
				CLANG_WARN_NON_LITERAL_NULL_CONVERSION = YES;
				CLANG_WARN_OBJC_IMPLICIT_RETAIN_SELF = YES;
				CLANG_WARN_OBJC_LITERAL_CONVERSION = YES;
				CLANG_WARN_OBJC_ROOT_CLASS = YES_ERROR;
				CLANG_WARN_QUOTED_INCLUDE_IN_FRAMEWORK_HEADER = YES;
				CLANG_WARN_RANGE_LOOP_ANALYSIS = YES;
				CLANG_WARN_STRICT_PROTOTYPES = YES;
				CLANG_WARN_SUSPICIOUS_MOVE = YES;
				CLANG_WARN_UNGUARDED_AVAILABILITY = YES_AGGRESSIVE;
				CLANG_WARN_UNREACHABLE_CODE = YES;
				CLANG_WARN__DUPLICATE_METHOD_MATCH = YES;
				COPY_PHASE_STRIP = NO;
				DEBUG_INFORMATION_FORMAT = "dwarf-with-dsym";
				ENABLE_NS_ASSERTIONS = NO;
				ENABLE_STRICT_OBJC_MSGSEND = YES;
				GCC_C_LANGUAGE_STANDARD = gnu11;
				GCC_NO_COMMON_BLOCKS = YES;
				GCC_WARN_64_TO_32_BIT_CONVERSION = YES;
				GCC_WARN_ABOUT_RETURN_TYPE = YES_ERROR;
				GCC_WARN_UNDECLARED_SELECTOR = YES;
				GCC_WARN_UNINITIALIZED_AUTOS = YES_AGGRESSIVE;
				GCC_WARN_UNUSED_FUNCTION = YES;
				GCC_WARN_UNUSED_VARIABLE = YES;
				IPHONEOS_DEPLOYMENT_TARGET = 15.5;
				MTL_ENABLE_DEBUG_INFO = NO;
				MTL_FAST_MATH = YES;
				SDKROOT = iphoneos;
				SWIFT_COMPILATION_MODE = wholemodule;
				SWIFT_OPTIMIZATION_LEVEL = "-O";
				VALIDATE_PRODUCT = YES;
			};
			name = Release;
		};
		425D6C5E28856B2200C7F3B7 /* Debug */ = {
			isa = XCBuildConfiguration;
			buildSettings = {
				ASSETCATALOG_COMPILER_APPICON_NAME = AppIcon;
				ASSETCATALOG_COMPILER_GLOBAL_ACCENT_COLOR_NAME = AccentColor;
				CODE_SIGN_STYLE = Automatic;
				CURRENT_PROJECT_VERSION = 1;
				DEVELOPMENT_ASSET_PATHS = "\"AVideo/Preview Content\"";
				DEVELOPMENT_TEAM = XLS842JFZV;
				ENABLE_PREVIEWS = YES;
				GENERATE_INFOPLIST_FILE = YES;
				INFOPLIST_KEY_UIApplicationSceneManifest_Generation = YES;
				INFOPLIST_KEY_UIApplicationSupportsIndirectInputEvents = YES;
				INFOPLIST_KEY_UILaunchScreen_Generation = YES;
				INFOPLIST_KEY_UISupportedInterfaceOrientations_iPad = "UIInterfaceOrientationPortrait UIInterfaceOrientationPortraitUpsideDown UIInterfaceOrientationLandscapeLeft UIInterfaceOrientationLandscapeRight";
				INFOPLIST_KEY_UISupportedInterfaceOrientations_iPhone = "UIInterfaceOrientationPortrait UIInterfaceOrientationLandscapeLeft UIInterfaceOrientationLandscapeRight";
				LD_RUNPATH_SEARCH_PATHS = (
					"$(inherited)",
					"@executable_path/Frameworks",
				);
				MARKETING_VERSION = 1.0;
				PRODUCT_BUNDLE_IDENTIFIER = "Mr.-Beast.AVideo";
				PRODUCT_NAME = "$(TARGET_NAME)";
				SWIFT_EMIT_LOC_STRINGS = YES;
				SWIFT_VERSION = 5.0;
				TARGETED_DEVICE_FAMILY = "1,2";
			};
			name = Debug;
		};
		425D6C5F28856B2200C7F3B7 /* Release */ = {
			isa = XCBuildConfiguration;
			buildSettings = {
				ASSETCATALOG_COMPILER_APPICON_NAME = AppIcon;
				ASSETCATALOG_COMPILER_GLOBAL_ACCENT_COLOR_NAME = AccentColor;
				CODE_SIGN_STYLE = Automatic;
				CURRENT_PROJECT_VERSION = 1;
				DEVELOPMENT_ASSET_PATHS = "\"AVideo/Preview Content\"";
				DEVELOPMENT_TEAM = XLS842JFZV;
				ENABLE_PREVIEWS = YES;
				GENERATE_INFOPLIST_FILE = YES;
				INFOPLIST_KEY_UIApplicationSceneManifest_Generation = YES;
				INFOPLIST_KEY_UIApplicationSupportsIndirectInputEvents = YES;
				INFOPLIST_KEY_UILaunchScreen_Generation = YES;
				INFOPLIST_KEY_UISupportedInterfaceOrientations_iPad = "UIInterfaceOrientationPortrait UIInterfaceOrientationPortraitUpsideDown UIInterfaceOrientationLandscapeLeft UIInterfaceOrientationLandscapeRight";
				INFOPLIST_KEY_UISupportedInterfaceOrientations_iPhone = "UIInterfaceOrientationPortrait UIInterfaceOrientationLandscapeLeft UIInterfaceOrientationLandscapeRight";
				LD_RUNPATH_SEARCH_PATHS = (
					"$(inherited)",
					"@executable_path/Frameworks",
				);
				MARKETING_VERSION = 1.0;
				PRODUCT_BUNDLE_IDENTIFIER = "Mr.-Beast.AVideo";
				PRODUCT_NAME = "$(TARGET_NAME)";
				SWIFT_EMIT_LOC_STRINGS = YES;
				SWIFT_VERSION = 5.0;
				TARGETED_DEVICE_FAMILY = "1,2";
			};
			name = Release;
		};
/* End XCBuildConfiguration section */

/* Begin XCConfigurationList section */
		425D6C4A28856B2100C7F3B7 /* Build configuration list for PBXProject "AVideo" */ = {
			isa = XCConfigurationList;
			buildConfigurations = (
				425D6C5B28856B2200C7F3B7 /* Debug */,
				425D6C5C28856B2200C7F3B7 /* Release */,
			);
			defaultConfigurationIsVisible = 0;
			defaultConfigurationName = Release;
		};
		425D6C5D28856B2200C7F3B7 /* Build configuration list for PBXNativeTarget "AVideo" */ = {
			isa = XCConfigurationList;
			buildConfigurations = (
				425D6C5E28856B2200C7F3B7 /* Debug */,
				425D6C5F28856B2200C7F3B7 /* Release */,
			);
			defaultConfigurationIsVisible = 0;
			defaultConfigurationName = Release;
		};
/* End XCConfigurationList section */
	};
	rootObject = 425D6C4728856B2100C7F3B7 /* Project object */;
}
